// !$*UTF8*$!
{
	archiveVersion = 1;
	classes = {
	};
	objectVersion = 51;
	objects = {

/* Begin PBXBuildFile section */
		30C584D859940EB9B06F322A /* Pods_NewsApp.framework in Frameworks */ = {isa = PBXBuildFile; fileRef = 52D41714F33290E1106C24D0 /* Pods_NewsApp.framework */; };
		7BE542E54278EFF71F937A6E /* Pods_NewsApp_NewsAppUITests.framework in Frameworks */ = {isa = PBXBuildFile; fileRef = 861A3AC64BB01CBDF0872195 /* Pods_NewsApp_NewsAppUITests.framework */; };
		C8D1B61424A72E6F006FAFDE /* AppDelegate.swift in Sources */ = {isa = PBXBuildFile; fileRef = C8D1B61324A72E6F006FAFDE /* AppDelegate.swift */; };
		C8D1B61624A72E6F006FAFDE /* SceneDelegate.swift in Sources */ = {isa = PBXBuildFile; fileRef = C8D1B61524A72E6F006FAFDE /* SceneDelegate.swift */; };
		C8D1B61824A72E6F006FAFDE /* ViewController.swift in Sources */ = {isa = PBXBuildFile; fileRef = C8D1B61724A72E6F006FAFDE /* ViewController.swift */; };
		C8D1B61B24A72E6F006FAFDE /* Main.storyboard in Resources */ = {isa = PBXBuildFile; fileRef = C8D1B61924A72E6F006FAFDE /* Main.storyboard */; };
		C8D1B61D24A72E72006FAFDE /* Assets.xcassets in Resources */ = {isa = PBXBuildFile; fileRef = C8D1B61C24A72E72006FAFDE /* Assets.xcassets */; };
		C8D1B62024A72E72006FAFDE /* LaunchScreen.storyboard in Resources */ = {isa = PBXBuildFile; fileRef = C8D1B61E24A72E72006FAFDE /* LaunchScreen.storyboard */; };
		C8D1B62B24A72E72006FAFDE /* NewsAppTests.swift in Sources */ = {isa = PBXBuildFile; fileRef = C8D1B62A24A72E72006FAFDE /* NewsAppTests.swift */; };
		C8D1B63624A72E72006FAFDE /* NewsAppUITests.swift in Sources */ = {isa = PBXBuildFile; fileRef = C8D1B63524A72E72006FAFDE /* NewsAppUITests.swift */; };
		C8D1B64524A730D8006FAFDE /* NewsCustomCell.swift in Sources */ = {isa = PBXBuildFile; fileRef = C8D1B64324A730D8006FAFDE /* NewsCustomCell.swift */; };
		C8D1B64624A730D8006FAFDE /* NewsCustomCell.xib in Resources */ = {isa = PBXBuildFile; fileRef = C8D1B64424A730D8006FAFDE /* NewsCustomCell.xib */; };
		C8D1B64824A74259006FAFDE /* RestManager.swift in Sources */ = {isa = PBXBuildFile; fileRef = C8D1B64724A74259006FAFDE /* RestManager.swift */; };
		C8D1B64A24A74261006FAFDE /* Configuration.swift in Sources */ = {isa = PBXBuildFile; fileRef = C8D1B64924A74261006FAFDE /* Configuration.swift */; };
		C8D1B64C24A74830006FAFDE /* News.swift in Sources */ = {isa = PBXBuildFile; fileRef = C8D1B64B24A74830006FAFDE /* News.swift */; };
		C8D1B65124A75D29006FAFDE /* Localizable.strings in Resources */ = {isa = PBXBuildFile; fileRef = C8D1B65324A75D29006FAFDE /* Localizable.strings */; };
		C8D1B65624A76F44006FAFDE /* Locale.swift in Sources */ = {isa = PBXBuildFile; fileRef = C8D1B65524A76F44006FAFDE /* Locale.swift */; };
		C8D1B65C24A845F4006FAFDE /* NewsViewModel.swift in Sources */ = {isa = PBXBuildFile; fileRef = C8D1B65B24A845F4006FAFDE /* NewsViewModel.swift */; };
		C8D1B65E24A85B63006FAFDE /* BaseViewController.swift in Sources */ = {isa = PBXBuildFile; fileRef = C8D1B65D24A85B62006FAFDE /* BaseViewController.swift */; };
		C8D1B66124A86E3F006FAFDE /* LocalizationSystem.swift in Sources */ = {isa = PBXBuildFile; fileRef = C8D1B66024A86E3E006FAFDE /* LocalizationSystem.swift */; };
		D5D4658B802B09C27AEC418E /* Pods_NewsAppTests.framework in Frameworks */ = {isa = PBXBuildFile; fileRef = 94AF6AF01FA9858D157240E7 /* Pods_NewsAppTests.framework */; };
/* End PBXBuildFile section */

/* Begin PBXContainerItemProxy section */
		C8D1B62724A72E72006FAFDE /* PBXContainerItemProxy */ = {
			isa = PBXContainerItemProxy;
			containerPortal = C8D1B60824A72E6F006FAFDE /* Project object */;
			proxyType = 1;
			remoteGlobalIDString = C8D1B60F24A72E6F006FAFDE;
			remoteInfo = NewsApp;
		};
		C8D1B63224A72E72006FAFDE /* PBXContainerItemProxy */ = {
			isa = PBXContainerItemProxy;
			containerPortal = C8D1B60824A72E6F006FAFDE /* Project object */;
			proxyType = 1;
			remoteGlobalIDString = C8D1B60F24A72E6F006FAFDE;
			remoteInfo = NewsApp;
		};
/* End PBXContainerItemProxy section */

/* Begin PBXFileReference section */
		119A583429B49AB434D4AA6E /* Pods-NewsApp.release.xcconfig */ = {isa = PBXFileReference; includeInIndex = 1; lastKnownFileType = text.xcconfig; name = "Pods-NewsApp.release.xcconfig"; path = "Target Support Files/Pods-NewsApp/Pods-NewsApp.release.xcconfig"; sourceTree = "<group>"; };
		52783FA07AEC6450C1FC5995 /* Pods-NewsAppTests.debug.xcconfig */ = {isa = PBXFileReference; includeInIndex = 1; lastKnownFileType = text.xcconfig; name = "Pods-NewsAppTests.debug.xcconfig"; path = "Target Support Files/Pods-NewsAppTests/Pods-NewsAppTests.debug.xcconfig"; sourceTree = "<group>"; };
		52D41714F33290E1106C24D0 /* Pods_NewsApp.framework */ = {isa = PBXFileReference; explicitFileType = wrapper.framework; includeInIndex = 0; path = Pods_NewsApp.framework; sourceTree = BUILT_PRODUCTS_DIR; };
		861A3AC64BB01CBDF0872195 /* Pods_NewsApp_NewsAppUITests.framework */ = {isa = PBXFileReference; explicitFileType = wrapper.framework; includeInIndex = 0; path = Pods_NewsApp_NewsAppUITests.framework; sourceTree = BUILT_PRODUCTS_DIR; };
		94AF6AF01FA9858D157240E7 /* Pods_NewsAppTests.framework */ = {isa = PBXFileReference; explicitFileType = wrapper.framework; includeInIndex = 0; path = Pods_NewsAppTests.framework; sourceTree = BUILT_PRODUCTS_DIR; };
		A4C59096CF9C2F51B5536BE9 /* Pods-NewsApp-NewsAppUITests.debug.xcconfig */ = {isa = PBXFileReference; includeInIndex = 1; lastKnownFileType = text.xcconfig; name = "Pods-NewsApp-NewsAppUITests.debug.xcconfig"; path = "Target Support Files/Pods-NewsApp-NewsAppUITests/Pods-NewsApp-NewsAppUITests.debug.xcconfig"; sourceTree = "<group>"; };
		BCF0B86386C356DA6EF419EB /* Pods-NewsAppTests.release.xcconfig */ = {isa = PBXFileReference; includeInIndex = 1; lastKnownFileType = text.xcconfig; name = "Pods-NewsAppTests.release.xcconfig"; path = "Target Support Files/Pods-NewsAppTests/Pods-NewsAppTests.release.xcconfig"; sourceTree = "<group>"; };
		C8D1B61024A72E6F006FAFDE /* NewsApp.app */ = {isa = PBXFileReference; explicitFileType = wrapper.application; includeInIndex = 0; path = NewsApp.app; sourceTree = BUILT_PRODUCTS_DIR; };
		C8D1B61324A72E6F006FAFDE /* AppDelegate.swift */ = {isa = PBXFileReference; lastKnownFileType = sourcecode.swift; path = AppDelegate.swift; sourceTree = "<group>"; };
		C8D1B61524A72E6F006FAFDE /* SceneDelegate.swift */ = {isa = PBXFileReference; lastKnownFileType = sourcecode.swift; path = SceneDelegate.swift; sourceTree = "<group>"; };
		C8D1B61724A72E6F006FAFDE /* ViewController.swift */ = {isa = PBXFileReference; lastKnownFileType = sourcecode.swift; path = ViewController.swift; sourceTree = "<group>"; };
		C8D1B61A24A72E6F006FAFDE /* Base */ = {isa = PBXFileReference; lastKnownFileType = file.storyboard; name = Base; path = Base.lproj/Main.storyboard; sourceTree = "<group>"; };
		C8D1B61C24A72E72006FAFDE /* Assets.xcassets */ = {isa = PBXFileReference; lastKnownFileType = folder.assetcatalog; path = Assets.xcassets; sourceTree = "<group>"; };
		C8D1B61F24A72E72006FAFDE /* Base */ = {isa = PBXFileReference; lastKnownFileType = file.storyboard; name = Base; path = Base.lproj/LaunchScreen.storyboard; sourceTree = "<group>"; };
		C8D1B62124A72E72006FAFDE /* Info.plist */ = {isa = PBXFileReference; lastKnownFileType = text.plist.xml; path = Info.plist; sourceTree = "<group>"; };
		C8D1B62624A72E72006FAFDE /* NewsAppTests.xctest */ = {isa = PBXFileReference; explicitFileType = wrapper.cfbundle; includeInIndex = 0; path = NewsAppTests.xctest; sourceTree = BUILT_PRODUCTS_DIR; };
		C8D1B62A24A72E72006FAFDE /* NewsAppTests.swift */ = {isa = PBXFileReference; lastKnownFileType = sourcecode.swift; path = NewsAppTests.swift; sourceTree = "<group>"; };
		C8D1B62C24A72E72006FAFDE /* Info.plist */ = {isa = PBXFileReference; lastKnownFileType = text.plist.xml; path = Info.plist; sourceTree = "<group>"; };
		C8D1B63124A72E72006FAFDE /* NewsAppUITests.xctest */ = {isa = PBXFileReference; explicitFileType = wrapper.cfbundle; includeInIndex = 0; path = NewsAppUITests.xctest; sourceTree = BUILT_PRODUCTS_DIR; };
		C8D1B63524A72E72006FAFDE /* NewsAppUITests.swift */ = {isa = PBXFileReference; lastKnownFileType = sourcecode.swift; path = NewsAppUITests.swift; sourceTree = "<group>"; };
		C8D1B63724A72E72006FAFDE /* Info.plist */ = {isa = PBXFileReference; lastKnownFileType = text.plist.xml; path = Info.plist; sourceTree = "<group>"; };
		C8D1B64324A730D8006FAFDE /* NewsCustomCell.swift */ = {isa = PBXFileReference; lastKnownFileType = sourcecode.swift; path = NewsCustomCell.swift; sourceTree = "<group>"; };
		C8D1B64424A730D8006FAFDE /* NewsCustomCell.xib */ = {isa = PBXFileReference; lastKnownFileType = file.xib; path = NewsCustomCell.xib; sourceTree = "<group>"; };
		C8D1B64724A74259006FAFDE /* RestManager.swift */ = {isa = PBXFileReference; fileEncoding = 4; lastKnownFileType = sourcecode.swift; path = RestManager.swift; sourceTree = "<group>"; };
		C8D1B64924A74261006FAFDE /* Configuration.swift */ = {isa = PBXFileReference; fileEncoding = 4; lastKnownFileType = sourcecode.swift; path = Configuration.swift; sourceTree = "<group>"; };
		C8D1B64B24A74830006FAFDE /* News.swift */ = {isa = PBXFileReference; lastKnownFileType = sourcecode.swift; path = News.swift; sourceTree = "<group>"; };
		C8D1B64D24A75C18006FAFDE /* fr-CA */ = {isa = PBXFileReference; lastKnownFileType = text.plist.strings; name = "fr-CA"; path = "fr-CA.lproj/Main.strings"; sourceTree = "<group>"; };
		C8D1B64E24A75C18006FAFDE /* fr-CA */ = {isa = PBXFileReference; lastKnownFileType = text.plist.strings; name = "fr-CA"; path = "fr-CA.lproj/LaunchScreen.strings"; sourceTree = "<group>"; };
		C8D1B65224A75D29006FAFDE /* en */ = {isa = PBXFileReference; lastKnownFileType = text.plist.strings; name = en; path = en.lproj/Localizable.strings; sourceTree = "<group>"; };
		C8D1B65424A75D2D006FAFDE /* fr-CA */ = {isa = PBXFileReference; lastKnownFileType = text.plist.strings; name = "fr-CA"; path = "fr-CA.lproj/Localizable.strings"; sourceTree = "<group>"; };
		C8D1B65524A76F44006FAFDE /* Locale.swift */ = {isa = PBXFileReference; lastKnownFileType = sourcecode.swift; path = Locale.swift; sourceTree = "<group>"; };
		C8D1B65B24A845F4006FAFDE /* NewsViewModel.swift */ = {isa = PBXFileReference; lastKnownFileType = sourcecode.swift; path = NewsViewModel.swift; sourceTree = "<group>"; };
		C8D1B65D24A85B62006FAFDE /* BaseViewController.swift */ = {isa = PBXFileReference; lastKnownFileType = sourcecode.swift; path = BaseViewController.swift; sourceTree = "<group>"; };
		C8D1B66024A86E3E006FAFDE /* LocalizationSystem.swift */ = {isa = PBXFileReference; fileEncoding = 4; lastKnownFileType = sourcecode.swift; path = LocalizationSystem.swift; sourceTree = "<group>"; };
		CF1F9B4607EEC797DDA8DEF2 /* Pods-NewsApp.debug.xcconfig */ = {isa = PBXFileReference; includeInIndex = 1; lastKnownFileType = text.xcconfig; name = "Pods-NewsApp.debug.xcconfig"; path = "Target Support Files/Pods-NewsApp/Pods-NewsApp.debug.xcconfig"; sourceTree = "<group>"; };
		E9D3991CE82836CB69488887 /* Pods-NewsApp-NewsAppUITests.release.xcconfig */ = {isa = PBXFileReference; includeInIndex = 1; lastKnownFileType = text.xcconfig; name = "Pods-NewsApp-NewsAppUITests.release.xcconfig"; path = "Target Support Files/Pods-NewsApp-NewsAppUITests/Pods-NewsApp-NewsAppUITests.release.xcconfig"; sourceTree = "<group>"; };
/* End PBXFileReference section */

/* Begin PBXFrameworksBuildPhase section */
		C8D1B60D24A72E6F006FAFDE /* Frameworks */ = {
			isa = PBXFrameworksBuildPhase;
			buildActionMask = 2147483647;
			files = (
				30C584D859940EB9B06F322A /* Pods_NewsApp.framework in Frameworks */,
			);
			runOnlyForDeploymentPostprocessing = 0;
		};
		C8D1B62324A72E72006FAFDE /* Frameworks */ = {
			isa = PBXFrameworksBuildPhase;
			buildActionMask = 2147483647;
			files = (
				D5D4658B802B09C27AEC418E /* Pods_NewsAppTests.framework in Frameworks */,
			);
			runOnlyForDeploymentPostprocessing = 0;
		};
		C8D1B62E24A72E72006FAFDE /* Frameworks */ = {
			isa = PBXFrameworksBuildPhase;
			buildActionMask = 2147483647;
			files = (
				7BE542E54278EFF71F937A6E /* Pods_NewsApp_NewsAppUITests.framework in Frameworks */,
			);
			runOnlyForDeploymentPostprocessing = 0;
		};
/* End PBXFrameworksBuildPhase section */

/* Begin PBXGroup section */
		11CD45194C2D3F2D227C3E6F /* Frameworks */ = {
			isa = PBXGroup;
			children = (
				52D41714F33290E1106C24D0 /* Pods_NewsApp.framework */,
				861A3AC64BB01CBDF0872195 /* Pods_NewsApp_NewsAppUITests.framework */,
				94AF6AF01FA9858D157240E7 /* Pods_NewsAppTests.framework */,
			);
			name = Frameworks;
			sourceTree = "<group>";
		};
		C8D1B60724A72E6F006FAFDE = {
			isa = PBXGroup;
			children = (
				C8D1B61224A72E6F006FAFDE /* NewsApp */,
				C8D1B62924A72E72006FAFDE /* NewsAppTests */,
				C8D1B63424A72E72006FAFDE /* NewsAppUITests */,
				C8D1B61124A72E6F006FAFDE /* Products */,
				E115726467742B1ACD728928 /* Pods */,
				11CD45194C2D3F2D227C3E6F /* Frameworks */,
			);
			sourceTree = "<group>";
		};
		C8D1B61124A72E6F006FAFDE /* Products */ = {
			isa = PBXGroup;
			children = (
				C8D1B61024A72E6F006FAFDE /* NewsApp.app */,
				C8D1B62624A72E72006FAFDE /* NewsAppTests.xctest */,
				C8D1B63124A72E72006FAFDE /* NewsAppUITests.xctest */,
			);
			name = Products;
			sourceTree = "<group>";
		};
		C8D1B61224A72E6F006FAFDE /* NewsApp */ = {
			isa = PBXGroup;
			children = (
				C8D1B65724A7AD1C006FAFDE /* Services */,
				C8D1B65824A7AD2A006FAFDE /* Resources */,
				C8D1B65924A7AD3B006FAFDE /* Modal */,
				C8D1B65A24A7ADA6006FAFDE /* CustomCell */,
				C8D1B65F24A86349006FAFDE /* ViewModal */,
				C8D1B61324A72E6F006FAFDE /* AppDelegate.swift */,
				C8D1B61524A72E6F006FAFDE /* SceneDelegate.swift */,
				C8D1B61724A72E6F006FAFDE /* ViewController.swift */,
				C8D1B65D24A85B62006FAFDE /* BaseViewController.swift */,
				C8D1B61924A72E6F006FAFDE /* Main.storyboard */,
				C8D1B61C24A72E72006FAFDE /* Assets.xcassets */,
				C8D1B61E24A72E72006FAFDE /* LaunchScreen.storyboard */,
				C8D1B62124A72E72006FAFDE /* Info.plist */,
			);
			path = NewsApp;
			sourceTree = "<group>";
		};
		C8D1B62924A72E72006FAFDE /* NewsAppTests */ = {
			isa = PBXGroup;
			children = (
				C8D1B62A24A72E72006FAFDE /* NewsAppTests.swift */,
				C8D1B62C24A72E72006FAFDE /* Info.plist */,
			);
			path = NewsAppTests;
			sourceTree = "<group>";
		};
		C8D1B63424A72E72006FAFDE /* NewsAppUITests */ = {
			isa = PBXGroup;
			children = (
				C8D1B63524A72E72006FAFDE /* NewsAppUITests.swift */,
				C8D1B63724A72E72006FAFDE /* Info.plist */,
			);
			path = NewsAppUITests;
			sourceTree = "<group>";
		};
		C8D1B65724A7AD1C006FAFDE /* Services */ = {
			isa = PBXGroup;
			children = (
				C8D1B64724A74259006FAFDE /* RestManager.swift */,
				C8D1B64924A74261006FAFDE /* Configuration.swift */,
			);
			path = Services;
			sourceTree = "<group>";
		};
		C8D1B65824A7AD2A006FAFDE /* Resources */ = {
			isa = PBXGroup;
			children = (
				C8D1B65524A76F44006FAFDE /* Locale.swift */,
				C8D1B66024A86E3E006FAFDE /* LocalizationSystem.swift */,
				C8D1B65324A75D29006FAFDE /* Localizable.strings */,
			);
			path = Resources;
			sourceTree = "<group>";
		};
		C8D1B65924A7AD3B006FAFDE /* Modal */ = {
			isa = PBXGroup;
			children = (
				C8D1B64B24A74830006FAFDE /* News.swift */,
			);
			path = Modal;
			sourceTree = "<group>";
		};
		C8D1B65A24A7ADA6006FAFDE /* CustomCell */ = {
			isa = PBXGroup;
			children = (
				C8D1B64324A730D8006FAFDE /* NewsCustomCell.swift */,
				C8D1B64424A730D8006FAFDE /* NewsCustomCell.xib */,
			);
			path = CustomCell;
			sourceTree = "<group>";
		};
		C8D1B65F24A86349006FAFDE /* ViewModal */ = {
			isa = PBXGroup;
			children = (
				C8D1B65B24A845F4006FAFDE /* NewsViewModel.swift */,
			);
			path = ViewModal;
			sourceTree = "<group>";
		};
		E115726467742B1ACD728928 /* Pods */ = {
			isa = PBXGroup;
			children = (
				CF1F9B4607EEC797DDA8DEF2 /* Pods-NewsApp.debug.xcconfig */,
				119A583429B49AB434D4AA6E /* Pods-NewsApp.release.xcconfig */,
				A4C59096CF9C2F51B5536BE9 /* Pods-NewsApp-NewsAppUITests.debug.xcconfig */,
				E9D3991CE82836CB69488887 /* Pods-NewsApp-NewsAppUITests.release.xcconfig */,
				52783FA07AEC6450C1FC5995 /* Pods-NewsAppTests.debug.xcconfig */,
				BCF0B86386C356DA6EF419EB /* Pods-NewsAppTests.release.xcconfig */,
			);
			path = Pods;
			sourceTree = "<group>";
		};
/* End PBXGroup section */

/* Begin PBXNativeTarget section */
		C8D1B60F24A72E6F006FAFDE /* NewsApp */ = {
			isa = PBXNativeTarget;
			buildConfigurationList = C8D1B63A24A72E72006FAFDE /* Build configuration list for PBXNativeTarget "NewsApp" */;
			buildPhases = (
				FFB993AD4E25C40365705C6D /* [CP] Check Pods Manifest.lock */,
				C8D1B60C24A72E6F006FAFDE /* Sources */,
				C8D1B60D24A72E6F006FAFDE /* Frameworks */,
				C8D1B60E24A72E6F006FAFDE /* Resources */,
				D5FC73644A74BAA840A6CBD3 /* [CP] Embed Pods Frameworks */,
			);
			buildRules = (
			);
			dependencies = (
			);
			name = NewsApp;
			productName = NewsApp;
			productReference = C8D1B61024A72E6F006FAFDE /* NewsApp.app */;
			productType = "com.apple.product-type.application";
		};
		C8D1B62524A72E72006FAFDE /* NewsAppTests */ = {
			isa = PBXNativeTarget;
			buildConfigurationList = C8D1B63D24A72E72006FAFDE /* Build configuration list for PBXNativeTarget "NewsAppTests" */;
			buildPhases = (
				18ECBF811F0E88985D30CE7B /* [CP] Check Pods Manifest.lock */,
				C8D1B62224A72E72006FAFDE /* Sources */,
				C8D1B62324A72E72006FAFDE /* Frameworks */,
				C8D1B62424A72E72006FAFDE /* Resources */,
			);
			buildRules = (
			);
			dependencies = (
				C8D1B62824A72E72006FAFDE /* PBXTargetDependency */,
			);
			name = NewsAppTests;
			productName = NewsAppTests;
			productReference = C8D1B62624A72E72006FAFDE /* NewsAppTests.xctest */;
			productType = "com.apple.product-type.bundle.unit-test";
		};
		C8D1B63024A72E72006FAFDE /* NewsAppUITests */ = {
			isa = PBXNativeTarget;
			buildConfigurationList = C8D1B64024A72E72006FAFDE /* Build configuration list for PBXNativeTarget "NewsAppUITests" */;
			buildPhases = (
				017B8672D9AF8CDF85DE61C5 /* [CP] Check Pods Manifest.lock */,
				C8D1B62D24A72E72006FAFDE /* Sources */,
				C8D1B62E24A72E72006FAFDE /* Frameworks */,
				C8D1B62F24A72E72006FAFDE /* Resources */,
				F7C32CDDE8232E6D6CF0321C /* [CP] Embed Pods Frameworks */,
			);
			buildRules = (
			);
			dependencies = (
				C8D1B63324A72E72006FAFDE /* PBXTargetDependency */,
			);
			name = NewsAppUITests;
			productName = NewsAppUITests;
			productReference = C8D1B63124A72E72006FAFDE /* NewsAppUITests.xctest */;
			productType = "com.apple.product-type.bundle.ui-testing";
		};
/* End PBXNativeTarget section */

/* Begin PBXProject section */
		C8D1B60824A72E6F006FAFDE /* Project object */ = {
			isa = PBXProject;
			attributes = {
				LastSwiftUpdateCheck = 1130;
				LastUpgradeCheck = 1130;
				ORGANIZATIONNAME = "Arpit Lokwani";
				TargetAttributes = {
					C8D1B60F24A72E6F006FAFDE = {
						CreatedOnToolsVersion = 11.3.1;
					};
					C8D1B62524A72E72006FAFDE = {
						CreatedOnToolsVersion = 11.3.1;
						TestTargetID = C8D1B60F24A72E6F006FAFDE;
					};
					C8D1B63024A72E72006FAFDE = {
						CreatedOnToolsVersion = 11.3.1;
						TestTargetID = C8D1B60F24A72E6F006FAFDE;
					};
				};
			};
			buildConfigurationList = C8D1B60B24A72E6F006FAFDE /* Build configuration list for PBXProject "NewsApp" */;
			compatibilityVersion = "Xcode 9.3";
			developmentRegion = en;
			hasScannedForEncodings = 0;
			knownRegions = (
				en,
				Base,
				"fr-CA",
			);
			mainGroup = C8D1B60724A72E6F006FAFDE;
			productRefGroup = C8D1B61124A72E6F006FAFDE /* Products */;
			projectDirPath = "";
			projectRoot = "";
			targets = (
				C8D1B60F24A72E6F006FAFDE /* NewsApp */,
				C8D1B62524A72E72006FAFDE /* NewsAppTests */,
				C8D1B63024A72E72006FAFDE /* NewsAppUITests */,
			);
		};
/* End PBXProject section */

/* Begin PBXResourcesBuildPhase section */
		C8D1B60E24A72E6F006FAFDE /* Resources */ = {
			isa = PBXResourcesBuildPhase;
			buildActionMask = 2147483647;
			files = (
				C8D1B65124A75D29006FAFDE /* Localizable.strings in Resources */,
				C8D1B62024A72E72006FAFDE /* LaunchScreen.storyboard in Resources */,
				C8D1B61D24A72E72006FAFDE /* Assets.xcassets in Resources */,
				C8D1B61B24A72E6F006FAFDE /* Main.storyboard in Resources */,
				C8D1B64624A730D8006FAFDE /* NewsCustomCell.xib in Resources */,
			);
			runOnlyForDeploymentPostprocessing = 0;
		};
		C8D1B62424A72E72006FAFDE /* Resources */ = {
			isa = PBXResourcesBuildPhase;
			buildActionMask = 2147483647;
			files = (
			);
			runOnlyForDeploymentPostprocessing = 0;
		};
		C8D1B62F24A72E72006FAFDE /* Resources */ = {
			isa = PBXResourcesBuildPhase;
			buildActionMask = 2147483647;
			files = (
			);
			runOnlyForDeploymentPostprocessing = 0;
		};
/* End PBXResourcesBuildPhase section */

/* Begin PBXShellScriptBuildPhase section */
		017B8672D9AF8CDF85DE61C5 /* [CP] Check Pods Manifest.lock */ = {
			isa = PBXShellScriptBuildPhase;
			buildActionMask = 2147483647;
			files = (
			);
			inputFileListPaths = (
			);
			inputPaths = (
				"${PODS_PODFILE_DIR_PATH}/Podfile.lock",
				"${PODS_ROOT}/Manifest.lock",
			);
			name = "[CP] Check Pods Manifest.lock";
			outputFileListPaths = (
			);
			outputPaths = (
				"$(DERIVED_FILE_DIR)/Pods-NewsApp-NewsAppUITests-checkManifestLockResult.txt",
			);
			runOnlyForDeploymentPostprocessing = 0;
			shellPath = /bin/sh;
			shellScript = "diff \"${PODS_PODFILE_DIR_PATH}/Podfile.lock\" \"${PODS_ROOT}/Manifest.lock\" > /dev/null\nif [ $? != 0 ] ; then\n    # print error to STDERR\n    echo \"error: The sandbox is not in sync with the Podfile.lock. Run 'pod install' or update your CocoaPods installation.\" >&2\n    exit 1\nfi\n# This output is used by Xcode 'outputs' to avoid re-running this script phase.\necho \"SUCCESS\" > \"${SCRIPT_OUTPUT_FILE_0}\"\n";
			showEnvVarsInLog = 0;
		};
		18ECBF811F0E88985D30CE7B /* [CP] Check Pods Manifest.lock */ = {
			isa = PBXShellScriptBuildPhase;
			buildActionMask = 2147483647;
			files = (
			);
			inputFileListPaths = (
			);
			inputPaths = (
				"${PODS_PODFILE_DIR_PATH}/Podfile.lock",
				"${PODS_ROOT}/Manifest.lock",
			);
			name = "[CP] Check Pods Manifest.lock";
			outputFileListPaths = (
			);
			outputPaths = (
				"$(DERIVED_FILE_DIR)/Pods-NewsAppTests-checkManifestLockResult.txt",
			);
			runOnlyForDeploymentPostprocessing = 0;
			shellPath = /bin/sh;
			shellScript = "diff \"${PODS_PODFILE_DIR_PATH}/Podfile.lock\" \"${PODS_ROOT}/Manifest.lock\" > /dev/null\nif [ $? != 0 ] ; then\n    # print error to STDERR\n    echo \"error: The sandbox is not in sync with the Podfile.lock. Run 'pod install' or update your CocoaPods installation.\" >&2\n    exit 1\nfi\n# This output is used by Xcode 'outputs' to avoid re-running this script phase.\necho \"SUCCESS\" > \"${SCRIPT_OUTPUT_FILE_0}\"\n";
			showEnvVarsInLog = 0;
		};
		D5FC73644A74BAA840A6CBD3 /* [CP] Embed Pods Frameworks */ = {
			isa = PBXShellScriptBuildPhase;
			buildActionMask = 2147483647;
			files = (
			);
			inputFileListPaths = (
				"${PODS_ROOT}/Target Support Files/Pods-NewsApp/Pods-NewsApp-frameworks-${CONFIGURATION}-input-files.xcfilelist",
			);
			name = "[CP] Embed Pods Frameworks";
			outputFileListPaths = (
				"${PODS_ROOT}/Target Support Files/Pods-NewsApp/Pods-NewsApp-frameworks-${CONFIGURATION}-output-files.xcfilelist",
			);
			runOnlyForDeploymentPostprocessing = 0;
			shellPath = /bin/sh;
			shellScript = "\"${PODS_ROOT}/Target Support Files/Pods-NewsApp/Pods-NewsApp-frameworks.sh\"\n";
			showEnvVarsInLog = 0;
		};
		F7C32CDDE8232E6D6CF0321C /* [CP] Embed Pods Frameworks */ = {
			isa = PBXShellScriptBuildPhase;
			buildActionMask = 2147483647;
			files = (
			);
			inputFileListPaths = (
				"${PODS_ROOT}/Target Support Files/Pods-NewsApp-NewsAppUITests/Pods-NewsApp-NewsAppUITests-frameworks-${CONFIGURATION}-input-files.xcfilelist",
			);
			name = "[CP] Embed Pods Frameworks";
			outputFileListPaths = (
				"${PODS_ROOT}/Target Support Files/Pods-NewsApp-NewsAppUITests/Pods-NewsApp-NewsAppUITests-frameworks-${CONFIGURATION}-output-files.xcfilelist",
			);
			runOnlyForDeploymentPostprocessing = 0;
			shellPath = /bin/sh;
			shellScript = "\"${PODS_ROOT}/Target Support Files/Pods-NewsApp-NewsAppUITests/Pods-NewsApp-NewsAppUITests-frameworks.sh\"\n";
			showEnvVarsInLog = 0;
		};
		FFB993AD4E25C40365705C6D /* [CP] Check Pods Manifest.lock */ = {
			isa = PBXShellScriptBuildPhase;
			buildActionMask = 2147483647;
			files = (
			);
			inputFileListPaths = (
			);
			inputPaths = (
				"${PODS_PODFILE_DIR_PATH}/Podfile.lock",
				"${PODS_ROOT}/Manifest.lock",
			);
			name = "[CP] Check Pods Manifest.lock";
			outputFileListPaths = (
			);
			outputPaths = (
				"$(DERIVED_FILE_DIR)/Pods-NewsApp-checkManifestLockResult.txt",
			);
			runOnlyForDeploymentPostprocessing = 0;
			shellPath = /bin/sh;
			shellScript = "diff \"${PODS_PODFILE_DIR_PATH}/Podfile.lock\" \"${PODS_ROOT}/Manifest.lock\" > /dev/null\nif [ $? != 0 ] ; then\n    # print error to STDERR\n    echo \"error: The sandbox is not in sync with the Podfile.lock. Run 'pod install' or update your CocoaPods installation.\" >&2\n    exit 1\nfi\n# This output is used by Xcode 'outputs' to avoid re-running this script phase.\necho \"SUCCESS\" > \"${SCRIPT_OUTPUT_FILE_0}\"\n";
			showEnvVarsInLog = 0;
		};
/* End PBXShellScriptBuildPhase section */

/* Begin PBXSourcesBuildPhase section */
		C8D1B60C24A72E6F006FAFDE /* Sources */ = {
			isa = PBXSourcesBuildPhase;
			buildActionMask = 2147483647;
			files = (
				C8D1B64A24A74261006FAFDE /* Configuration.swift in Sources */,
				C8D1B65C24A845F4006FAFDE /* NewsViewModel.swift in Sources */,
				C8D1B61824A72E6F006FAFDE /* ViewController.swift in Sources */,
				C8D1B64824A74259006FAFDE /* RestManager.swift in Sources */,
				C8D1B61424A72E6F006FAFDE /* AppDelegate.swift in Sources */,
				C8D1B65E24A85B63006FAFDE /* BaseViewController.swift in Sources */,
				C8D1B64C24A74830006FAFDE /* News.swift in Sources */,
				C8D1B61624A72E6F006FAFDE /* SceneDelegate.swift in Sources */,
				C8D1B64524A730D8006FAFDE /* NewsCustomCell.swift in Sources */,
				C8D1B66124A86E3F006FAFDE /* LocalizationSystem.swift in Sources */,
				C8D1B65624A76F44006FAFDE /* Locale.swift in Sources */,
			);
			runOnlyForDeploymentPostprocessing = 0;
		};
		C8D1B62224A72E72006FAFDE /* Sources */ = {
			isa = PBXSourcesBuildPhase;
			buildActionMask = 2147483647;
			files = (
				C8D1B62B24A72E72006FAFDE /* NewsAppTests.swift in Sources */,
			);
			runOnlyForDeploymentPostprocessing = 0;
		};
		C8D1B62D24A72E72006FAFDE /* Sources */ = {
			isa = PBXSourcesBuildPhase;
			buildActionMask = 2147483647;
			files = (
				C8D1B63624A72E72006FAFDE /* NewsAppUITests.swift in Sources */,
			);
			runOnlyForDeploymentPostprocessing = 0;
		};
/* End PBXSourcesBuildPhase section */

/* Begin PBXTargetDependency section */
		C8D1B62824A72E72006FAFDE /* PBXTargetDependency */ = {
			isa = PBXTargetDependency;
			target = C8D1B60F24A72E6F006FAFDE /* NewsApp */;
			targetProxy = C8D1B62724A72E72006FAFDE /* PBXContainerItemProxy */;
		};
		C8D1B63324A72E72006FAFDE /* PBXTargetDependency */ = {
			isa = PBXTargetDependency;
			target = C8D1B60F24A72E6F006FAFDE /* NewsApp */;
			targetProxy = C8D1B63224A72E72006FAFDE /* PBXContainerItemProxy */;
		};
/* End PBXTargetDependency section */

/* Begin PBXVariantGroup section */
		C8D1B61924A72E6F006FAFDE /* Main.storyboard */ = {
			isa = PBXVariantGroup;
			children = (
				C8D1B61A24A72E6F006FAFDE /* Base */,
				C8D1B64D24A75C18006FAFDE /* fr-CA */,
			);
			name = Main.storyboard;
			sourceTree = "<group>";
		};
		C8D1B61E24A72E72006FAFDE /* LaunchScreen.storyboard */ = {
			isa = PBXVariantGroup;
			children = (
				C8D1B61F24A72E72006FAFDE /* Base */,
				C8D1B64E24A75C18006FAFDE /* fr-CA */,
			);
			name = LaunchScreen.storyboard;
			sourceTree = "<group>";
		};
		C8D1B65324A75D29006FAFDE /* Localizable.strings */ = {
			isa = PBXVariantGroup;
			children = (
				C8D1B65224A75D29006FAFDE /* en */,
				C8D1B65424A75D2D006FAFDE /* fr-CA */,
			);
			name = Localizable.strings;
			sourceTree = "<group>";
		};
/* End PBXVariantGroup section */

/* Begin XCBuildConfiguration section */
		C8D1B63824A72E72006FAFDE /* Debug */ = {
			isa = XCBuildConfiguration;
			buildSettings = {
				ALWAYS_SEARCH_USER_PATHS = NO;
				CLANG_ANALYZER_LOCALIZABILITY_NONLOCALIZED = YES;
				CLANG_ANALYZER_NONNULL = YES;
				CLANG_ANALYZER_NUMBER_OBJECT_CONVERSION = YES_AGGRESSIVE;
				CLANG_CXX_LANGUAGE_STANDARD = "gnu++14";
				CLANG_CXX_LIBRARY = "libc++";
				CLANG_ENABLE_MODULES = YES;
				CLANG_ENABLE_OBJC_ARC = YES;
				CLANG_ENABLE_OBJC_WEAK = YES;
				CLANG_WARN_BLOCK_CAPTURE_AUTORELEASING = YES;
				CLANG_WARN_BOOL_CONVERSION = YES;
				CLANG_WARN_COMMA = YES;
				CLANG_WARN_CONSTANT_CONVERSION = YES;
				CLANG_WARN_DEPRECATED_OBJC_IMPLEMENTATIONS = YES;
				CLANG_WARN_DIRECT_OBJC_ISA_USAGE = YES_ERROR;
				CLANG_WARN_DOCUMENTATION_COMMENTS = YES;
				CLANG_WARN_EMPTY_BODY = YES;
				CLANG_WARN_ENUM_CONVERSION = YES;
				CLANG_WARN_INFINITE_RECURSION = YES;
				CLANG_WARN_INT_CONVERSION = YES;
				CLANG_WARN_NON_LITERAL_NULL_CONVERSION = YES;
				CLANG_WARN_OBJC_IMPLICIT_RETAIN_SELF = YES;
				CLANG_WARN_OBJC_LITERAL_CONVERSION = YES;
				CLANG_WARN_OBJC_ROOT_CLASS = YES_ERROR;
				CLANG_WARN_RANGE_LOOP_ANALYSIS = YES;
				CLANG_WARN_STRICT_PROTOTYPES = YES;
				CLANG_WARN_SUSPICIOUS_MOVE = YES;
				CLANG_WARN_UNGUARDED_AVAILABILITY = YES_AGGRESSIVE;
				CLANG_WARN_UNREACHABLE_CODE = YES;
				CLANG_WARN__DUPLICATE_METHOD_MATCH = YES;
				COPY_PHASE_STRIP = NO;
				DEBUG_INFORMATION_FORMAT = dwarf;
				ENABLE_STRICT_OBJC_MSGSEND = YES;
				ENABLE_TESTABILITY = YES;
				GCC_C_LANGUAGE_STANDARD = gnu11;
				GCC_DYNAMIC_NO_PIC = NO;
				GCC_NO_COMMON_BLOCKS = YES;
				GCC_OPTIMIZATION_LEVEL = 0;
				GCC_PREPROCESSOR_DEFINITIONS = (
					"DEBUG=1",
					"$(inherited)",
				);
				GCC_WARN_64_TO_32_BIT_CONVERSION = YES;
				GCC_WARN_ABOUT_RETURN_TYPE = YES_ERROR;
				GCC_WARN_UNDECLARED_SELECTOR = YES;
				GCC_WARN_UNINITIALIZED_AUTOS = YES_AGGRESSIVE;
				GCC_WARN_UNUSED_FUNCTION = YES;
				GCC_WARN_UNUSED_VARIABLE = YES;
				IPHONEOS_DEPLOYMENT_TARGET = 13.2;
				MTL_ENABLE_DEBUG_INFO = INCLUDE_SOURCE;
				MTL_FAST_MATH = YES;
				ONLY_ACTIVE_ARCH = YES;
				SDKROOT = iphoneos;
				SWIFT_ACTIVE_COMPILATION_CONDITIONS = DEBUG;
				SWIFT_OPTIMIZATION_LEVEL = "-Onone";
			};
			name = Debug;
		};
		C8D1B63924A72E72006FAFDE /* Release */ = {
			isa = XCBuildConfiguration;
			buildSettings = {
				ALWAYS_SEARCH_USER_PATHS = NO;
				CLANG_ANALYZER_LOCALIZABILITY_NONLOCALIZED = YES;
				CLANG_ANALYZER_NONNULL = YES;
				CLANG_ANALYZER_NUMBER_OBJECT_CONVERSION = YES_AGGRESSIVE;
				CLANG_CXX_LANGUAGE_STANDARD = "gnu++14";
				CLANG_CXX_LIBRARY = "libc++";
				CLANG_ENABLE_MODULES = YES;
				CLANG_ENABLE_OBJC_ARC = YES;
				CLANG_ENABLE_OBJC_WEAK = YES;
				CLANG_WARN_BLOCK_CAPTURE_AUTORELEASING = YES;
				CLANG_WARN_BOOL_CONVERSION = YES;
				CLANG_WARN_COMMA = YES;
				CLANG_WARN_CONSTANT_CONVERSION = YES;
				CLANG_WARN_DEPRECATED_OBJC_IMPLEMENTATIONS = YES;
				CLANG_WARN_DIRECT_OBJC_ISA_USAGE = YES_ERROR;
				CLANG_WARN_DOCUMENTATION_COMMENTS = YES;
				CLANG_WARN_EMPTY_BODY = YES;
				CLANG_WARN_ENUM_CONVERSION = YES;
				CLANG_WARN_INFINITE_RECURSION = YES;
				CLANG_WARN_INT_CONVERSION = YES;
				CLANG_WARN_NON_LITERAL_NULL_CONVERSION = YES;
				CLANG_WARN_OBJC_IMPLICIT_RETAIN_SELF = YES;
				CLANG_WARN_OBJC_LITERAL_CONVERSION = YES;
				CLANG_WARN_OBJC_ROOT_CLASS = YES_ERROR;
				CLANG_WARN_RANGE_LOOP_ANALYSIS = YES;
				CLANG_WARN_STRICT_PROTOTYPES = YES;
				CLANG_WARN_SUSPICIOUS_MOVE = YES;
				CLANG_WARN_UNGUARDED_AVAILABILITY = YES_AGGRESSIVE;
				CLANG_WARN_UNREACHABLE_CODE = YES;
				CLANG_WARN__DUPLICATE_METHOD_MATCH = YES;
				COPY_PHASE_STRIP = NO;
				DEBUG_INFORMATION_FORMAT = "dwarf-with-dsym";
				ENABLE_NS_ASSERTIONS = NO;
				ENABLE_STRICT_OBJC_MSGSEND = YES;
				GCC_C_LANGUAGE_STANDARD = gnu11;
				GCC_NO_COMMON_BLOCKS = YES;
				GCC_WARN_64_TO_32_BIT_CONVERSION = YES;
				GCC_WARN_ABOUT_RETURN_TYPE = YES_ERROR;
				GCC_WARN_UNDECLARED_SELECTOR = YES;
				GCC_WARN_UNINITIALIZED_AUTOS = YES_AGGRESSIVE;
				GCC_WARN_UNUSED_FUNCTION = YES;
				GCC_WARN_UNUSED_VARIABLE = YES;
				IPHONEOS_DEPLOYMENT_TARGET = 13.2;
				MTL_ENABLE_DEBUG_INFO = NO;
				MTL_FAST_MATH = YES;
				SDKROOT = iphoneos;
				SWIFT_COMPILATION_MODE = wholemodule;
				SWIFT_OPTIMIZATION_LEVEL = "-O";
				VALIDATE_PRODUCT = YES;
			};
			name = Release;
		};
		C8D1B63B24A72E72006FAFDE /* Debug */ = {
			isa = XCBuildConfiguration;
			baseConfigurationReference = CF1F9B4607EEC797DDA8DEF2 /* Pods-NewsApp.debug.xcconfig */;
			buildSettings = {
				ASSETCATALOG_COMPILER_APPICON_NAME = AppIcon;
				CODE_SIGN_STYLE = Automatic;
				DEVELOPMENT_TEAM = 6E887G534X;
				INFOPLIST_FILE = NewsApp/Info.plist;
				LD_RUNPATH_SEARCH_PATHS = (
					"$(inherited)",
					"@executable_path/Frameworks",
				);
				PRODUCT_BUNDLE_IDENTIFIER = com.Tila.NewsApp;
				PRODUCT_NAME = "$(TARGET_NAME)";
				SWIFT_VERSION = 5.0;
				TARGETED_DEVICE_FAMILY = "1,2";
			};
			name = Debug;
		};
		C8D1B63C24A72E72006FAFDE /* Release */ = {
			isa = XCBuildConfiguration;
			baseConfigurationReference = 119A583429B49AB434D4AA6E /* Pods-NewsApp.release.xcconfig */;
			buildSettings = {
				ASSETCATALOG_COMPILER_APPICON_NAME = AppIcon;
				CODE_SIGN_STYLE = Automatic;
				DEVELOPMENT_TEAM = 6E887G534X;
				INFOPLIST_FILE = NewsApp/Info.plist;
				LD_RUNPATH_SEARCH_PATHS = (
					"$(inherited)",
					"@executable_path/Frameworks",
				);
				PRODUCT_BUNDLE_IDENTIFIER = com.Tila.NewsApp;
				PRODUCT_NAME = "$(TARGET_NAME)";
				SWIFT_VERSION = 5.0;
				TARGETED_DEVICE_FAMILY = "1,2";
			};
			name = Release;
		};
		C8D1B63E24A72E72006FAFDE /* Debug */ = {
			isa = XCBuildConfiguration;
			baseConfigurationReference = 52783FA07AEC6450C1FC5995 /* Pods-NewsAppTests.debug.xcconfig */;
			buildSettings = {
				ALWAYS_EMBED_SWIFT_STANDARD_LIBRARIES = YES;
				BUNDLE_LOADER = "$(TEST_HOST)";
				CODE_SIGN_STYLE = Automatic;
				DEVELOPMENT_TEAM = 6E887G534X;
				INFOPLIST_FILE = NewsAppTests/Info.plist;
				IPHONEOS_DEPLOYMENT_TARGET = 13.2;
				LD_RUNPATH_SEARCH_PATHS = (
					"$(inherited)",
					"@executable_path/Frameworks",
					"@loader_path/Frameworks",
				);
				PRODUCT_BUNDLE_IDENTIFIER = com.Tila.NewsAppTests;
				PRODUCT_NAME = "$(TARGET_NAME)";
				SWIFT_VERSION = 5.0;
				TARGETED_DEVICE_FAMILY = "1,2";
				TEST_HOST = "$(BUILT_PRODUCTS_DIR)/NewsApp.app/NewsApp";
			};
			name = Debug;
		};
		C8D1B63F24A72E72006FAFDE /* Release */ = {
			isa = XCBuildConfiguration;
			baseConfigurationReference = BCF0B86386C356DA6EF419EB /* Pods-NewsAppTests.release.xcconfig */;
			buildSettings = {
				ALWAYS_EMBED_SWIFT_STANDARD_LIBRARIES = YES;
				BUNDLE_LOADER = "$(TEST_HOST)";
				CODE_SIGN_STYLE = Automatic;
				DEVELOPMENT_TEAM = 6E887G534X;
				INFOPLIST_FILE = NewsAppTests/Info.plist;
				IPHONEOS_DEPLOYMENT_TARGET = 13.2;
				LD_RUNPATH_SEARCH_PATHS = (
					"$(inherited)",
					"@executable_path/Frameworks",
					"@loader_path/Frameworks",
				);
				PRODUCT_BUNDLE_IDENTIFIER = com.Tila.NewsAppTests;
				PRODUCT_NAME = "$(TARGET_NAME)";
				SWIFT_VERSION = 5.0;
				TARGETED_DEVICE_FAMILY = "1,2";
				TEST_HOST = "$(BUILT_PRODUCTS_DIR)/NewsApp.app/NewsApp";
			};
			name = Release;
		};
		C8D1B64124A72E72006FAFDE /* Debug */ = {
			isa = XCBuildConfiguration;
			baseConfigurationReference = A4C59096CF9C2F51B5536BE9 /* Pods-NewsApp-NewsAppUITests.debug.xcconfig */;
			buildSettings = {
				ALWAYS_EMBED_SWIFT_STANDARD_LIBRARIES = YES;
				CODE_SIGN_STYLE = Automatic;
				DEVELOPMENT_TEAM = 6E887G534X;
				INFOPLIST_FILE = NewsAppUITests/Info.plist;
				LD_RUNPATH_SEARCH_PATHS = (
					"$(inherited)",
					"@executable_path/Frameworks",
					"@loader_path/Frameworks",
				);
				PRODUCT_BUNDLE_IDENTIFIER = com.Tila.NewsAppUITests;
				PRODUCT_NAME = "$(TARGET_NAME)";
				SWIFT_VERSION = 5.0;
				TARGETED_DEVICE_FAMILY = "1,2";
				TEST_TARGET_NAME = NewsApp;
			};
			name = Debug;
		};
		C8D1B64224A72E72006FAFDE /* Release */ = {
			isa = XCBuildConfiguration;
			baseConfigurationReference = E9D3991CE82836CB69488887 /* Pods-NewsApp-NewsAppUITests.release.xcconfig */;
			buildSettings = {
				ALWAYS_EMBED_SWIFT_STANDARD_LIBRARIES = YES;
				CODE_SIGN_STYLE = Automatic;
				DEVELOPMENT_TEAM = 6E887G534X;
				INFOPLIST_FILE = NewsAppUITests/Info.plist;
				LD_RUNPATH_SEARCH_PATHS = (
					"$(inherited)",
					"@executable_path/Frameworks",
					"@loader_path/Frameworks",
				);
				PRODUCT_BUNDLE_IDENTIFIER = com.Tila.NewsAppUITests;
				PRODUCT_NAME = "$(TARGET_NAME)";
				SWIFT_VERSION = 5.0;
				TARGETED_DEVICE_FAMILY = "1,2";
				TEST_TARGET_NAME = NewsApp;
			};
			name = Release;
		};
/* End XCBuildConfiguration section */

/* Begin XCConfigurationList section */
		C8D1B60B24A72E6F006FAFDE /* Build configuration list for PBXProject "NewsApp" */ = {
			isa = XCConfigurationList;
			buildConfigurations = (
				C8D1B63824A72E72006FAFDE /* Debug */,
				C8D1B63924A72E72006FAFDE /* Release */,
			);
			defaultConfigurationIsVisible = 0;
			defaultConfigurationName = Release;
		};
		C8D1B63A24A72E72006FAFDE /* Build configuration list for PBXNativeTarget "NewsApp" */ = {
			isa = XCConfigurationList;
			buildConfigurations = (
				C8D1B63B24A72E72006FAFDE /* Debug */,
				C8D1B63C24A72E72006FAFDE /* Release */,
			);
			defaultConfigurationIsVisible = 0;
			defaultConfigurationName = Release;
		};
		C8D1B63D24A72E72006FAFDE /* Build configuration list for PBXNativeTarget "NewsAppTests" */ = {
			isa = XCConfigurationList;
			buildConfigurations = (
				C8D1B63E24A72E72006FAFDE /* Debug */,
				C8D1B63F24A72E72006FAFDE /* Release */,
			);
			defaultConfigurationIsVisible = 0;
			defaultConfigurationName = Release;
		};
		C8D1B64024A72E72006FAFDE /* Build configuration list for PBXNativeTarget "NewsAppUITests" */ = {
			isa = XCConfigurationList;
			buildConfigurations = (
				C8D1B64124A72E72006FAFDE /* Debug */,
				C8D1B64224A72E72006FAFDE /* Release */,
			);
			defaultConfigurationIsVisible = 0;
			defaultConfigurationName = Release;
		};
/* End XCConfigurationList section */
	};
	rootObject = C8D1B60824A72E6F006FAFDE /* Project object */;
}
